
Microsoft Visual Studio Solution File, Format Version 12.00
# Visual Studio Version 16
VisualStudioVersion = 16.0.30204.135
MinimumVisualStudioVersion = 10.0.40219.1
Project("{FAE04EC0-301F-11D3-BF4B-00C04F79EFBC}") = "JonathanGraduationBookApp", "JonathanGraduationBookApp\JonathanGraduationBookApp.csproj", "{98CD8BDC-D218-4C33-80AF-6051240B0AA6}"
EndProject
Project("{FAE04EC0-301F-11D3-BF4B-00C04F79EFBC}") = "JonathanGraduationBookApp.Core", "JonathanGraduationBookApp.Core\JonathanGraduationBookApp.Core.csproj", "{C7F39F0B-544D-4E1F-B063-22E8D224A529}"
EndProject
Project("{FAE04EC0-301F-11D3-BF4B-00C04F79EFBC}") = "JonathanGraduationBookApp.Infrastructure", "JonathanGraduationBookApp.Infrastructure\JonathanGraduationBookApp.Infrastructure.csproj", "{1D4A42C6-B33E-4FFC-8863-CA9EA084BA91}"
EndProject
Global
	GlobalSection(SolutionConfigurationPlatforms) = preSolution
		Debug|Any CPU = Debug|Any CPU
		Release|Any CPU = Release|Any CPU
	EndGlobalSection
	GlobalSection(ProjectConfigurationPlatforms) = postSolution
		{98CD8BDC-D218-4C33-80AF-6051240B0AA6}.Debug|Any CPU.ActiveCfg = Debug|Any CPU
		{98CD8BDC-D218-4C33-80AF-6051240B0AA6}.Debug|Any CPU.Build.0 = Debug|Any CPU
		{98CD8BDC-D218-4C33-80AF-6051240B0AA6}.Release|Any CPU.ActiveCfg = Release|Any CPU
		{98CD8BDC-D218-4C33-80AF-6051240B0AA6}.Release|Any CPU.Build.0 = Release|Any CPU
		{C7F39F0B-544D-4E1F-B063-22E8D224A529}.Debug|Any CPU.ActiveCfg = Debug|Any CPU
		{C7F39F0B-544D-4E1F-B063-22E8D224A529}.Debug|Any CPU.Build.0 = Debug|Any CPU
		{C7F39F0B-544D-4E1F-B063-22E8D224A529}.Release|Any CPU.ActiveCfg = Release|Any CPU
		{C7F39F0B-544D-4E1F-B063-22E8D224A529}.Release|Any CPU.Build.0 = Release|Any CPU
		{1D4A42C6-B33E-4FFC-8863-CA9EA084BA91}.Debug|Any CPU.ActiveCfg = Debug|Any CPU
		{1D4A42C6-B33E-4FFC-8863-CA9EA084BA91}.Debug|Any CPU.Build.0 = Debug|Any CPU
		{1D4A42C6-B33E-4FFC-8863-CA9EA084BA91}.Release|Any CPU.ActiveCfg = Release|Any CPU
		{1D4A42C6-B33E-4FFC-8863-CA9EA084BA91}.Release|Any CPU.Build.0 = Release|Any CPU
	EndGlobalSection
	GlobalSection(SolutionProperties) = preSolution
		HideSolutionNode = FALSE
	EndGlobalSection
	GlobalSection(ExtensibilityGlobals) = postSolution
		SolutionGuid = {3AA5DF41-29D4-485B-9DFB-A23B0834E5B6}
	EndGlobalSection
EndGlobal
